Microsoft Visual Studio Solution File, Format Version 12.00
# Visual Studio Version 17
VisualStudioVersion = 17.0.31903.59
MinimumVisualStudioVersion = 10.0.40219.1
Project("{FAE04EC0-301F-11D3-BF4B-00C04F79EFBC}") = "TSVFile", "TSVFile\TSVFile.csproj", "{B4F4A8D8-3C60-4E49-9E6F-0EAE20B7548F}"
EndProject
Global
	GlobalSection(SolutionConfigurationPlatforms) = preSolution
		Debug|Any CPU = Debug|Any CPU
		Release|Any CPU = Release|Any CPU
	EndGlobalSection
	GlobalSection(ProjectConfigurationPlatforms) = postSolution
		{B4F4A8D8-3C60-4E49-9E6F-0EAE20B7548F}.Debug|Any CPU.ActiveCfg = Debug|Any CPU
		{B4F4A8D8-3C60-4E49-9E6F-0EAE20B7548F}.Debug|Any CPU.Build.0 = Debug|Any CPU
		{B4F4A8D8-3C60-4E49-9E6F-0EAE20B7548F}.Release|Any CPU.ActiveCfg = Release|Any CPU
		{B4F4A8D8-3C60-4E49-9E6F-0EAE20B7548F}.Release|Any CPU.Build.0 = Release|Any CPU
	EndGlobalSection
	GlobalSection(SolutionProperties) = preSolution
		HideSolutionNode = FALSE
	EndGlobalSection
EndGlobal
